
Microsoft Visual Studio Solution File, Format Version 12.00
# Visual Studio 15
VisualStudioVersion = 15.0.27703.2000
MinimumVisualStudioVersion = 10.0.40219.1
Project("{FAE04EC0-301F-11D3-BF4B-00C04F79EFBC}") = "Homework01", "Homeork01\Homework01.csproj", "{2F181A63-B5AD-436D-9FCC-C3FB19C6807B}"
EndProject
Global
	GlobalSection(SolutionConfigurationPlatforms) = preSolution
		Debug|Any CPU = Debug|Any CPU
		Release|Any CPU = Release|Any CPU
	EndGlobalSection
	GlobalSection(ProjectConfigurationPlatforms) = postSolution
		{2F181A63-B5AD-436D-9FCC-C3FB19C6807B}.Debug|Any CPU.ActiveCfg = Debug|Any CPU
		{2F181A63-B5AD-436D-9FCC-C3FB19C6807B}.Debug|Any CPU.Build.0 = Debug|Any CPU
		{2F181A63-B5AD-436D-9FCC-C3FB19C6807B}.Release|Any CPU.ActiveCfg = Release|Any CPU
		{2F181A63-B5AD-436D-9FCC-C3FB19C6807B}.Release|Any CPU.Build.0 = Release|Any CPU
	EndGlobalSection
	GlobalSection(SolutionProperties) = preSolution
		HideSolutionNode = FALSE
	EndGlobalSection
	GlobalSection(ExtensibilityGlobals) = postSolution
		SolutionGuid = {24CD6C66-82BE-42B2-9552-9F168E520C32}
	EndGlobalSection
EndGlobal
